// !$*UTF8*$!
{
	archiveVersion = 1;
	classes = {
	};
	objectVersion = 51;
	objects = {

/* Begin PBXBuildFile section */
		528FF2CF4DD688110C0B17AC /* Pods_MyPatients.framework in Frameworks */ = {isa = PBXBuildFile; fileRef = 5942108EB8D25638D5DE7D52 /* Pods_MyPatients.framework */; };
		9F332B0022CE178F00902740 /* PatientViewController.swift in Sources */ = {isa = PBXBuildFile; fileRef = 9F332AFF22CE178F00902740 /* PatientViewController.swift */; };
		9F332B0422CE17C200902740 /* CameraViewController.swift in Sources */ = {isa = PBXBuildFile; fileRef = 9F332B0322CE17C200902740 /* CameraViewController.swift */; };
		9F847F6122DA691E00F8C64B /* Util.swift in Sources */ = {isa = PBXBuildFile; fileRef = 9F847F6022DA691E00F8C64B /* Util.swift */; };
		9FA8A26A22D4DC84003E579F /* FullscreenPhotoViewController.swift in Sources */ = {isa = PBXBuildFile; fileRef = 9FA8A26922D4DC84003E579F /* FullscreenPhotoViewController.swift */; };
		9FAF8CFE22CF8C93006A13DF /* PhotoViewController.swift in Sources */ = {isa = PBXBuildFile; fileRef = 9FAF8CFD22CF8C93006A13DF /* PhotoViewController.swift */; };
		9FB9BB2522D7D39F005A91CE /* GoogleDriveApiService.swift in Sources */ = {isa = PBXBuildFile; fileRef = 9FB9BB2422D7D39F005A91CE /* GoogleDriveApiService.swift */; };
		9FC4111E22CB754500773321 /* AppDelegate.swift in Sources */ = {isa = PBXBuildFile; fileRef = 9FC4111D22CB754500773321 /* AppDelegate.swift */; };
		9FC4112322CB754500773321 /* Main.storyboard in Resources */ = {isa = PBXBuildFile; fileRef = 9FC4112122CB754500773321 /* Main.storyboard */; };
		9FC4112522CB754600773321 /* Assets.xcassets in Resources */ = {isa = PBXBuildFile; fileRef = 9FC4112422CB754600773321 /* Assets.xcassets */; };
		9FC4112822CB754600773321 /* LaunchScreen.storyboard in Resources */ = {isa = PBXBuildFile; fileRef = 9FC4112622CB754600773321 /* LaunchScreen.storyboard */; };
		9FC7784B22D0B88300ECDA5E /* MainTabBarController.swift in Sources */ = {isa = PBXBuildFile; fileRef = 9FC7784A22D0B88300ECDA5E /* MainTabBarController.swift */; };
		9FC7784E22D0BCB100ECDA5E /* Patient.swift in Sources */ = {isa = PBXBuildFile; fileRef = 9FC7784D22D0BCB100ECDA5E /* Patient.swift */; };
		9FC7785222D1FA5A00ECDA5E /* DailyPatientsViewController.swift in Sources */ = {isa = PBXBuildFile; fileRef = 9FC7785122D1FA5A00ECDA5E /* DailyPatientsViewController.swift */; };
		9FC7785822D32D2D00ECDA5E /* PatientPhotosViewController.swift in Sources */ = {isa = PBXBuildFile; fileRef = 9FC7785722D32D2D00ECDA5E /* PatientPhotosViewController.swift */; };
/* End PBXBuildFile section */

/* Begin PBXFileReference section */
		54DFDF85163EE8299FEC7070 /* Pods-MyPatients.debug.xcconfig */ = {isa = PBXFileReference; includeInIndex = 1; lastKnownFileType = text.xcconfig; name = "Pods-MyPatients.debug.xcconfig"; path = "Target Support Files/Pods-MyPatients/Pods-MyPatients.debug.xcconfig"; sourceTree = "<group>"; };
		5942108EB8D25638D5DE7D52 /* Pods_MyPatients.framework */ = {isa = PBXFileReference; explicitFileType = wrapper.framework; includeInIndex = 0; path = Pods_MyPatients.framework; sourceTree = BUILT_PRODUCTS_DIR; };
		966F8EAD410081B99279B9B6 /* Pods-MyPatients.release.xcconfig */ = {isa = PBXFileReference; includeInIndex = 1; lastKnownFileType = text.xcconfig; name = "Pods-MyPatients.release.xcconfig"; path = "Target Support Files/Pods-MyPatients/Pods-MyPatients.release.xcconfig"; sourceTree = "<group>"; };
		9F332AFF22CE178F00902740 /* PatientViewController.swift */ = {isa = PBXFileReference; lastKnownFileType = sourcecode.swift; path = PatientViewController.swift; sourceTree = "<group>"; };
		9F332B0322CE17C200902740 /* CameraViewController.swift */ = {isa = PBXFileReference; lastKnownFileType = sourcecode.swift; path = CameraViewController.swift; sourceTree = "<group>"; };
		9F847F6022DA691E00F8C64B /* Util.swift */ = {isa = PBXFileReference; lastKnownFileType = sourcecode.swift; path = Util.swift; sourceTree = "<group>"; };
		9FA8A26922D4DC84003E579F /* FullscreenPhotoViewController.swift */ = {isa = PBXFileReference; lastKnownFileType = sourcecode.swift; path = FullscreenPhotoViewController.swift; sourceTree = "<group>"; };
		9FAF8CFD22CF8C93006A13DF /* PhotoViewController.swift */ = {isa = PBXFileReference; lastKnownFileType = sourcecode.swift; path = PhotoViewController.swift; sourceTree = "<group>"; };
		9FB9BB2422D7D39F005A91CE /* GoogleDriveApiService.swift */ = {isa = PBXFileReference; lastKnownFileType = sourcecode.swift; path = GoogleDriveApiService.swift; sourceTree = "<group>"; };
		9FC4111A22CB754500773321 /* MyPatients.app */ = {isa = PBXFileReference; explicitFileType = wrapper.application; includeInIndex = 0; path = MyPatients.app; sourceTree = BUILT_PRODUCTS_DIR; };
		9FC4111D22CB754500773321 /* AppDelegate.swift */ = {isa = PBXFileReference; lastKnownFileType = sourcecode.swift; path = AppDelegate.swift; sourceTree = "<group>"; };
		9FC4112222CB754500773321 /* Base */ = {isa = PBXFileReference; lastKnownFileType = file.storyboard; name = Base; path = Base.lproj/Main.storyboard; sourceTree = "<group>"; };
		9FC4112422CB754600773321 /* Assets.xcassets */ = {isa = PBXFileReference; lastKnownFileType = folder.assetcatalog; path = Assets.xcassets; sourceTree = "<group>"; };
		9FC4112722CB754600773321 /* Base */ = {isa = PBXFileReference; lastKnownFileType = file.storyboard; name = Base; path = Base.lproj/LaunchScreen.storyboard; sourceTree = "<group>"; };
		9FC4112922CB754600773321 /* Info.plist */ = {isa = PBXFileReference; lastKnownFileType = text.plist.xml; path = Info.plist; sourceTree = "<group>"; };
		9FC7784A22D0B88300ECDA5E /* MainTabBarController.swift */ = {isa = PBXFileReference; lastKnownFileType = sourcecode.swift; path = MainTabBarController.swift; sourceTree = "<group>"; };
		9FC7784D22D0BCB100ECDA5E /* Patient.swift */ = {isa = PBXFileReference; lastKnownFileType = sourcecode.swift; path = Patient.swift; sourceTree = "<group>"; };
		9FC7785122D1FA5A00ECDA5E /* DailyPatientsViewController.swift */ = {isa = PBXFileReference; lastKnownFileType = sourcecode.swift; path = DailyPatientsViewController.swift; sourceTree = "<group>"; };
		9FC7785722D32D2D00ECDA5E /* PatientPhotosViewController.swift */ = {isa = PBXFileReference; lastKnownFileType = sourcecode.swift; path = PatientPhotosViewController.swift; sourceTree = "<group>"; };
/* End PBXFileReference section */

/* Begin PBXFrameworksBuildPhase section */
		9FC4111722CB754500773321 /* Frameworks */ = {
			isa = PBXFrameworksBuildPhase;
			buildActionMask = 2147483647;
			files = (
				528FF2CF4DD688110C0B17AC /* Pods_MyPatients.framework in Frameworks */,
			);
			runOnlyForDeploymentPostprocessing = 0;
		};
/* End PBXFrameworksBuildPhase section */

/* Begin PBXGroup section */
		429F69BF91379D4F776B5767 /* Pods */ = {
			isa = PBXGroup;
			children = (
				54DFDF85163EE8299FEC7070 /* Pods-MyPatients.debug.xcconfig */,
				966F8EAD410081B99279B9B6 /* Pods-MyPatients.release.xcconfig */,
			);
			path = Pods;
			sourceTree = "<group>";
		};
		4D95884D7F0D95E8FF9E49EB /* Frameworks */ = {
			isa = PBXGroup;
			children = (
				5942108EB8D25638D5DE7D52 /* Pods_MyPatients.framework */,
			);
			name = Frameworks;
			sourceTree = "<group>";
		};
		9F332AFE22CE175200902740 /* Controllers */ = {
			isa = PBXGroup;
			children = (
				9F332AFF22CE178F00902740 /* PatientViewController.swift */,
				9F332B0322CE17C200902740 /* CameraViewController.swift */,
				9FAF8CFD22CF8C93006A13DF /* PhotoViewController.swift */,
				9FC7784A22D0B88300ECDA5E /* MainTabBarController.swift */,
				9FC7785122D1FA5A00ECDA5E /* DailyPatientsViewController.swift */,
				9FC7785722D32D2D00ECDA5E /* PatientPhotosViewController.swift */,
				9FA8A26922D4DC84003E579F /* FullscreenPhotoViewController.swift */,
			);
			path = Controllers;
			sourceTree = "<group>";
		};
		9FB9BB2622D85445005A91CE /* Services */ = {
			isa = PBXGroup;
			children = (
				9FB9BB2422D7D39F005A91CE /* GoogleDriveApiService.swift */,
			);
			path = Services;
			sourceTree = "<group>";
		};
		9FC4111122CB754500773321 = {
			isa = PBXGroup;
			children = (
				9FC4111C22CB754500773321 /* MyPatient */,
				9FC4111B22CB754500773321 /* Products */,
				429F69BF91379D4F776B5767 /* Pods */,
				4D95884D7F0D95E8FF9E49EB /* Frameworks */,
			);
			sourceTree = "<group>";
		};
		9FC4111B22CB754500773321 /* Products */ = {
			isa = PBXGroup;
			children = (
				9FC4111A22CB754500773321 /* MyPatients.app */,
			);
			name = Products;
			sourceTree = "<group>";
		};
		9FC4111C22CB754500773321 /* MyPatient */ = {
			isa = PBXGroup;
			children = (
				9FB9BB2622D85445005A91CE /* Services */,
				9FC7784C22D0BC0E00ECDA5E /* Models */,
				9F332AFE22CE175200902740 /* Controllers */,
				9FC4111D22CB754500773321 /* AppDelegate.swift */,
				9FC4112122CB754500773321 /* Main.storyboard */,
				9FC4112422CB754600773321 /* Assets.xcassets */,
				9FC4112622CB754600773321 /* LaunchScreen.storyboard */,
				9FC4112922CB754600773321 /* Info.plist */,
				9F847F6022DA691E00F8C64B /* Util.swift */,
			);
			path = MyPatient;
			sourceTree = "<group>";
		};
		9FC7784C22D0BC0E00ECDA5E /* Models */ = {
			isa = PBXGroup;
			children = (
				9FC7784D22D0BCB100ECDA5E /* Patient.swift */,
			);
			path = Models;
			sourceTree = "<group>";
		};
/* End PBXGroup section */

/* Begin PBXNativeTarget section */
		9FC4111922CB754500773321 /* MyPatients */ = {
			isa = PBXNativeTarget;
			buildConfigurationList = 9FC4112C22CB754600773321 /* Build configuration list for PBXNativeTarget "MyPatients" */;
			buildPhases = (
				736A31BEEF11B65A1131A850 /* [CP] Check Pods Manifest.lock */,
				9FC4111622CB754500773321 /* Sources */,
				9FC4111722CB754500773321 /* Frameworks */,
				9FC4111822CB754500773321 /* Resources */,
				D7931FAA40444B91BDD348C0 /* [CP] Embed Pods Frameworks */,
				3C3BA892B3CEAA6510803863 /* [CP] Copy Pods Resources */,
			);
			buildRules = (
			);
			dependencies = (
			);
			name = MyPatients;
			productName = MyPatient;
			productReference = 9FC4111A22CB754500773321 /* MyPatients.app */;
			productType = "com.apple.product-type.application";
		};
/* End PBXNativeTarget section */

/* Begin PBXProject section */
		9FC4111222CB754500773321 /* Project object */ = {
			isa = PBXProject;
			attributes = {
				LastSwiftUpdateCheck = 1020;
				LastUpgradeCheck = 1020;
				ORGANIZATIONNAME = Test;
				TargetAttributes = {
					9FC4111922CB754500773321 = {
						CreatedOnToolsVersion = 10.2.1;
					};
				};
			};
			buildConfigurationList = 9FC4111522CB754500773321 /* Build configuration list for PBXProject "MyPatients" */;
			compatibilityVersion = "Xcode 9.3";
			developmentRegion = en;
			hasScannedForEncodings = 0;
			knownRegions = (
				en,
				Base,
			);
			mainGroup = 9FC4111122CB754500773321;
			productRefGroup = 9FC4111B22CB754500773321 /* Products */;
			projectDirPath = "";
			projectRoot = "";
			targets = (
				9FC4111922CB754500773321 /* MyPatients */,
			);
		};
/* End PBXProject section */

/* Begin PBXResourcesBuildPhase section */
		9FC4111822CB754500773321 /* Resources */ = {
			isa = PBXResourcesBuildPhase;
			buildActionMask = 2147483647;
			files = (
				9FC4112822CB754600773321 /* LaunchScreen.storyboard in Resources */,
				9FC4112522CB754600773321 /* Assets.xcassets in Resources */,
				9FC4112322CB754500773321 /* Main.storyboard in Resources */,
			);
			runOnlyForDeploymentPostprocessing = 0;
		};
/* End PBXResourcesBuildPhase section */

/* Begin PBXShellScriptBuildPhase section */
		3C3BA892B3CEAA6510803863 /* [CP] Copy Pods Resources */ = {
			isa = PBXShellScriptBuildPhase;
			buildActionMask = 2147483647;
			files = (
			);
			inputFileListPaths = (
				"${PODS_ROOT}/Target Support Files/Pods-MyPatients/Pods-MyPatients-resources-${CONFIGURATION}-input-files.xcfilelist",
			);
			name = "[CP] Copy Pods Resources";
			outputFileListPaths = (
				"${PODS_ROOT}/Target Support Files/Pods-MyPatients/Pods-MyPatients-resources-${CONFIGURATION}-output-files.xcfilelist",
			);
			runOnlyForDeploymentPostprocessing = 0;
			shellPath = /bin/sh;
			shellScript = "\"${PODS_ROOT}/Target Support Files/Pods-MyPatients/Pods-MyPatients-resources.sh\"\n";
			showEnvVarsInLog = 0;
		};
		736A31BEEF11B65A1131A850 /* [CP] Check Pods Manifest.lock */ = {
			isa = PBXShellScriptBuildPhase;
			buildActionMask = 2147483647;
			files = (
			);
			inputFileListPaths = (
			);
			inputPaths = (
				"${PODS_PODFILE_DIR_PATH}/Podfile.lock",
				"${PODS_ROOT}/Manifest.lock",
			);
			name = "[CP] Check Pods Manifest.lock";
			outputFileListPaths = (
			);
			outputPaths = (
				"$(DERIVED_FILE_DIR)/Pods-MyPatients-checkManifestLockResult.txt",
			);
			runOnlyForDeploymentPostprocessing = 0;
			shellPath = /bin/sh;
			shellScript = "diff \"${PODS_PODFILE_DIR_PATH}/Podfile.lock\" \"${PODS_ROOT}/Manifest.lock\" > /dev/null\nif [ $? != 0 ] ; then\n    # print error to STDERR\n    echo \"error: The sandbox is not in sync with the Podfile.lock. Run 'pod install' or update your CocoaPods installation.\" >&2\n    exit 1\nfi\n# This output is used by Xcode 'outputs' to avoid re-running this script phase.\necho \"SUCCESS\" > \"${SCRIPT_OUTPUT_FILE_0}\"\n";
			showEnvVarsInLog = 0;
		};
		D7931FAA40444B91BDD348C0 /* [CP] Embed Pods Frameworks */ = {
			isa = PBXShellScriptBuildPhase;
			buildActionMask = 2147483647;
			files = (
			);
			inputFileListPaths = (
				"${PODS_ROOT}/Target Support Files/Pods-MyPatients/Pods-MyPatients-frameworks-${CONFIGURATION}-input-files.xcfilelist",
			);
			name = "[CP] Embed Pods Frameworks";
			outputFileListPaths = (
				"${PODS_ROOT}/Target Support Files/Pods-MyPatients/Pods-MyPatients-frameworks-${CONFIGURATION}-output-files.xcfilelist",
			);
			runOnlyForDeploymentPostprocessing = 0;
			shellPath = /bin/sh;
			shellScript = "\"${PODS_ROOT}/Target Support Files/Pods-MyPatients/Pods-MyPatients-frameworks.sh\"\n";
			showEnvVarsInLog = 0;
		};
/* End PBXShellScriptBuildPhase section */

/* Begin PBXSourcesBuildPhase section */
		9FC4111622CB754500773321 /* Sources */ = {
			isa = PBXSourcesBuildPhase;
			buildActionMask = 2147483647;
			files = (
				9F847F6122DA691E00F8C64B /* Util.swift in Sources */,
				9FA8A26A22D4DC84003E579F /* FullscreenPhotoViewController.swift in Sources */,
				9FC7785222D1FA5A00ECDA5E /* DailyPatientsViewController.swift in Sources */,
				9F332B0422CE17C200902740 /* CameraViewController.swift in Sources */,
				9FC7785822D32D2D00ECDA5E /* PatientPhotosViewController.swift in Sources */,
				9FC4111E22CB754500773321 /* AppDelegate.swift in Sources */,
				9FC7784B22D0B88300ECDA5E /* MainTabBarController.swift in Sources */,
				9FB9BB2522D7D39F005A91CE /* GoogleDriveApiService.swift in Sources */,
				9FC7784E22D0BCB100ECDA5E /* Patient.swift in Sources */,
				9F332B0022CE178F00902740 /* PatientViewController.swift in Sources */,
				9FAF8CFE22CF8C93006A13DF /* PhotoViewController.swift in Sources */,
			);
			runOnlyForDeploymentPostprocessing = 0;
		};
/* End PBXSourcesBuildPhase section */

/* Begin PBXVariantGroup section */
		9FC4112122CB754500773321 /* Main.storyboard */ = {
			isa = PBXVariantGroup;
			children = (
				9FC4112222CB754500773321 /* Base */,
			);
			name = Main.storyboard;
			sourceTree = "<group>";
		};
		9FC4112622CB754600773321 /* LaunchScreen.storyboard */ = {
			isa = PBXVariantGroup;
			children = (
				9FC4112722CB754600773321 /* Base */,
			);
			name = LaunchScreen.storyboard;
			sourceTree = "<group>";
		};
/* End PBXVariantGroup section */

/* Begin XCBuildConfiguration section */
		9FC4112A22CB754600773321 /* Debug */ = {
			isa = XCBuildConfiguration;
			buildSettings = {
				ALWAYS_SEARCH_USER_PATHS = NO;
				CLANG_ANALYZER_NONNULL = YES;
				CLANG_ANALYZER_NUMBER_OBJECT_CONVERSION = YES_AGGRESSIVE;
				CLANG_CXX_LANGUAGE_STANDARD = "gnu++14";
				CLANG_CXX_LIBRARY = "libc++";
				CLANG_ENABLE_MODULES = YES;
				CLANG_ENABLE_OBJC_ARC = YES;
				CLANG_ENABLE_OBJC_WEAK = YES;
				CLANG_WARN_BLOCK_CAPTURE_AUTORELEASING = YES;
				CLANG_WARN_BOOL_CONVERSION = YES;
				CLANG_WARN_COMMA = YES;
				CLANG_WARN_CONSTANT_CONVERSION = YES;
				CLANG_WARN_DEPRECATED_OBJC_IMPLEMENTATIONS = YES;
				CLANG_WARN_DIRECT_OBJC_ISA_USAGE = YES_ERROR;
				CLANG_WARN_DOCUMENTATION_COMMENTS = YES;
				CLANG_WARN_EMPTY_BODY = YES;
				CLANG_WARN_ENUM_CONVERSION = YES;
				CLANG_WARN_INFINITE_RECURSION = YES;
				CLANG_WARN_INT_CONVERSION = YES;
				CLANG_WARN_NON_LITERAL_NULL_CONVERSION = YES;
				CLANG_WARN_OBJC_IMPLICIT_RETAIN_SELF = YES;
				CLANG_WARN_OBJC_LITERAL_CONVERSION = YES;
				CLANG_WARN_OBJC_ROOT_CLASS = YES_ERROR;
				CLANG_WARN_RANGE_LOOP_ANALYSIS = YES;
				CLANG_WARN_STRICT_PROTOTYPES = YES;
				CLANG_WARN_SUSPICIOUS_MOVE = YES;
				CLANG_WARN_UNGUARDED_AVAILABILITY = YES_AGGRESSIVE;
				CLANG_WARN_UNREACHABLE_CODE = YES;
				CLANG_WARN__DUPLICATE_METHOD_MATCH = YES;
				CODE_SIGN_IDENTITY = "iPhone Developer";
				COPY_PHASE_STRIP = NO;
				DEBUG_INFORMATION_FORMAT = dwarf;
				ENABLE_STRICT_OBJC_MSGSEND = YES;
				ENABLE_TESTABILITY = YES;
				GCC_C_LANGUAGE_STANDARD = gnu11;
				GCC_DYNAMIC_NO_PIC = NO;
				GCC_NO_COMMON_BLOCKS = YES;
				GCC_OPTIMIZATION_LEVEL = 0;
				GCC_PREPROCESSOR_DEFINITIONS = (
					"DEBUG=1",
					"$(inherited)",
				);
				GCC_WARN_64_TO_32_BIT_CONVERSION = YES;
				GCC_WARN_ABOUT_RETURN_TYPE = YES_ERROR;
				GCC_WARN_UNDECLARED_SELECTOR = YES;
				GCC_WARN_UNINITIALIZED_AUTOS = YES_AGGRESSIVE;
				GCC_WARN_UNUSED_FUNCTION = YES;
				GCC_WARN_UNUSED_VARIABLE = YES;
				IPHONEOS_DEPLOYMENT_TARGET = 12.2;
				MTL_ENABLE_DEBUG_INFO = INCLUDE_SOURCE;
				MTL_FAST_MATH = YES;
				ONLY_ACTIVE_ARCH = YES;
				SDKROOT = iphoneos;
				SWIFT_ACTIVE_COMPILATION_CONDITIONS = DEBUG;
				SWIFT_OPTIMIZATION_LEVEL = "-Onone";
			};
			name = Debug;
		};
		9FC4112B22CB754600773321 /* Release */ = {
			isa = XCBuildConfiguration;
			buildSettings = {
				ALWAYS_SEARCH_USER_PATHS = NO;
				CLANG_ANALYZER_NONNULL = YES;
				CLANG_ANALYZER_NUMBER_OBJECT_CONVERSION = YES_AGGRESSIVE;
				CLANG_CXX_LANGUAGE_STANDARD = "gnu++14";
				CLANG_CXX_LIBRARY = "libc++";
				CLANG_ENABLE_MODULES = YES;
				CLANG_ENABLE_OBJC_ARC = YES;
				CLANG_ENABLE_OBJC_WEAK = YES;
				CLANG_WARN_BLOCK_CAPTURE_AUTORELEASING = YES;
				CLANG_WARN_BOOL_CONVERSION = YES;
				CLANG_WARN_COMMA = YES;
				CLANG_WARN_CONSTANT_CONVERSION = YES;
				CLANG_WARN_DEPRECATED_OBJC_IMPLEMENTATIONS = YES;
				CLANG_WARN_DIRECT_OBJC_ISA_USAGE = YES_ERROR;
				CLANG_WARN_DOCUMENTATION_COMMENTS = YES;
				CLANG_WARN_EMPTY_BODY = YES;
				CLANG_WARN_ENUM_CONVERSION = YES;
				CLANG_WARN_INFINITE_RECURSION = YES;
				CLANG_WARN_INT_CONVERSION = YES;
				CLANG_WARN_NON_LITERAL_NULL_CONVERSION = YES;
				CLANG_WARN_OBJC_IMPLICIT_RETAIN_SELF = YES;
				CLANG_WARN_OBJC_LITERAL_CONVERSION = YES;
				CLANG_WARN_OBJC_ROOT_CLASS = YES_ERROR;
				CLANG_WARN_RANGE_LOOP_ANALYSIS = YES;
				CLANG_WARN_STRICT_PROTOTYPES = YES;
				CLANG_WARN_SUSPICIOUS_MOVE = YES;
				CLANG_WARN_UNGUARDED_AVAILABILITY = YES_AGGRESSIVE;
				CLANG_WARN_UNREACHABLE_CODE = YES;
				CLANG_WARN__DUPLICATE_METHOD_MATCH = YES;
				CODE_SIGN_IDENTITY = "iPhone Developer";
				COPY_PHASE_STRIP = NO;
				DEBUG_INFORMATION_FORMAT = "dwarf-with-dsym";
				ENABLE_NS_ASSERTIONS = NO;
				ENABLE_STRICT_OBJC_MSGSEND = YES;
				GCC_C_LANGUAGE_STANDARD = gnu11;
				GCC_NO_COMMON_BLOCKS = YES;
				GCC_WARN_64_TO_32_BIT_CONVERSION = YES;
				GCC_WARN_ABOUT_RETURN_TYPE = YES_ERROR;
				GCC_WARN_UNDECLARED_SELECTOR = YES;
				GCC_WARN_UNINITIALIZED_AUTOS = YES_AGGRESSIVE;
				GCC_WARN_UNUSED_FUNCTION = YES;
				GCC_WARN_UNUSED_VARIABLE = YES;
				IPHONEOS_DEPLOYMENT_TARGET = 12.2;
				MTL_ENABLE_DEBUG_INFO = NO;
				MTL_FAST_MATH = YES;
				SDKROOT = iphoneos;
				SWIFT_COMPILATION_MODE = wholemodule;
				SWIFT_OPTIMIZATION_LEVEL = "-O";
				VALIDATE_PRODUCT = YES;
			};
			name = Release;
		};
		9FC4112D22CB754600773321 /* Debug */ = {
			isa = XCBuildConfiguration;
			baseConfigurationReference = 54DFDF85163EE8299FEC7070 /* Pods-MyPatients.debug.xcconfig */;
			buildSettings = {
				ASSETCATALOG_COMPILER_APPICON_NAME = AppIcon;
				CODE_SIGN_STYLE = Automatic;
				DEVELOPMENT_TEAM = G4VU48SFDG;
				INFOPLIST_FILE = MyPatient/Info.plist;
				IPHONEOS_DEPLOYMENT_TARGET = 11.0;
				LD_RUNPATH_SEARCH_PATHS = (
					"$(inherited)",
					"@executable_path/Frameworks",
				);
				PRODUCT_BUNDLE_IDENTIFIER = Test.MyPatient;
				PRODUCT_NAME = "$(TARGET_NAME)";
				SWIFT_VERSION = 5.0;
				TARGETED_DEVICE_FAMILY = "1,2";
			};
			name = Debug;
		};
		9FC4112E22CB754600773321 /* Release */ = {
			isa = XCBuildConfiguration;
			baseConfigurationReference = 966F8EAD410081B99279B9B6 /* Pods-MyPatients.release.xcconfig */;
			buildSettings = {
				ASSETCATALOG_COMPILER_APPICON_NAME = AppIcon;
				CODE_SIGN_STYLE = Automatic;
				DEVELOPMENT_TEAM = G4VU48SFDG;
				INFOPLIST_FILE = MyPatient/Info.plist;
				IPHONEOS_DEPLOYMENT_TARGET = 11.0;
				LD_RUNPATH_SEARCH_PATHS = (
					"$(inherited)",
					"@executable_path/Frameworks",
				);
				PRODUCT_BUNDLE_IDENTIFIER = Test.MyPatient;
				PRODUCT_NAME = "$(TARGET_NAME)";
				SWIFT_VERSION = 5.0;
				TARGETED_DEVICE_FAMILY = "1,2";
			};
			name = Release;
		};
/* End XCBuildConfiguration section */

/* Begin XCConfigurationList section */
		9FC4111522CB754500773321 /* Build configuration list for PBXProject "MyPatients" */ = {
			isa = XCConfigurationList;
			buildConfigurations = (
				9FC4112A22CB754600773321 /* Debug */,
				9FC4112B22CB754600773321 /* Release */,
			);
			defaultConfigurationIsVisible = 0;
			defaultConfigurationName = Release;
		};
		9FC4112C22CB754600773321 /* Build configuration list for PBXNativeTarget "MyPatients" */ = {
			isa = XCConfigurationList;
			buildConfigurations = (
				9FC4112D22CB754600773321 /* Debug */,
				9FC4112E22CB754600773321 /* Release */,
			);
			defaultConfigurationIsVisible = 0;
			defaultConfigurationName = Release;
		};
/* End XCConfigurationList section */
	};
	rootObject = 9FC4111222CB754500773321 /* Project object */;
}
